
Microsoft Visual Studio Solution File, Format Version 12.00
# Visual Studio 15
VisualStudioVersion = 15.0.27703.2047
MinimumVisualStudioVersion = 10.0.40219.1
Project("{2150E333-8FDC-42A3-9474-1A3956D46DE8}") = "Common", "Common", "{CF95F63E-331C-44C2-980C-08713FA82E92}"
EndProject
Project("{2150E333-8FDC-42A3-9474-1A3956D46DE8}") = "Data", "Data", "{9EF679A2-0377-47CA-924E-1BB7AAE250CF}"
EndProject
Project("{2150E333-8FDC-42A3-9474-1A3956D46DE8}") = "UI", "UI", "{B6522B72-0310-4F73-AE75-835A24E2743C}"
EndProject
Project("{9A19103F-16F7-4668-BE54-9A1E7A4F7556}") = "VFS.Common.Models", "Common\VFS.Common.Models\VFS.Common.Models.csproj", "{132ECFFF-6FF4-4B33-AF65-4CB424C8AAF3}"
EndProject
Project("{9A19103F-16F7-4668-BE54-9A1E7A4F7556}") = "VFS.Data.EFCore", "Data\VFS.Data.EFCore\VFS.Data.EFCore.csproj", "{F0E52753-13A9-40C4-B090-D0E6F7E3B1CF}"
EndProject
Project("{9A19103F-16F7-4668-BE54-9A1E7A4F7556}") = "VFS.UI.MasterDM", "UI\VFS.UI.MasterDM\VFS.UI.MasterDM.csproj", "{D67963F9-6F00-4682-B016-838B5D954D10}"
EndProject
Project("{2150E333-8FDC-42A3-9474-1A3956D46DE8}") = "bacpac", "bacpac", "{F28484C1-538D-47FE-9648-2234140F8C1A}"
	ProjectSection(SolutionItems) = preProject
		Data\bacpac\_DBMission.bacpac = Data\bacpac\_DBMission.bacpac
	EndProjectSection
EndProject
Global
	GlobalSection(SolutionConfigurationPlatforms) = preSolution
		Debug|Any CPU = Debug|Any CPU
		Release|Any CPU = Release|Any CPU
	EndGlobalSection
	GlobalSection(ProjectConfigurationPlatforms) = postSolution
		{132ECFFF-6FF4-4B33-AF65-4CB424C8AAF3}.Debug|Any CPU.ActiveCfg = Debug|Any CPU
		{132ECFFF-6FF4-4B33-AF65-4CB424C8AAF3}.Debug|Any CPU.Build.0 = Debug|Any CPU
		{132ECFFF-6FF4-4B33-AF65-4CB424C8AAF3}.Release|Any CPU.ActiveCfg = Release|Any CPU
		{132ECFFF-6FF4-4B33-AF65-4CB424C8AAF3}.Release|Any CPU.Build.0 = Release|Any CPU
		{F0E52753-13A9-40C4-B090-D0E6F7E3B1CF}.Debug|Any CPU.ActiveCfg = Debug|Any CPU
		{F0E52753-13A9-40C4-B090-D0E6F7E3B1CF}.Debug|Any CPU.Build.0 = Debug|Any CPU
		{F0E52753-13A9-40C4-B090-D0E6F7E3B1CF}.Release|Any CPU.ActiveCfg = Release|Any CPU
		{F0E52753-13A9-40C4-B090-D0E6F7E3B1CF}.Release|Any CPU.Build.0 = Release|Any CPU
		{D67963F9-6F00-4682-B016-838B5D954D10}.Debug|Any CPU.ActiveCfg = Debug|Any CPU
		{D67963F9-6F00-4682-B016-838B5D954D10}.Debug|Any CPU.Build.0 = Debug|Any CPU
		{D67963F9-6F00-4682-B016-838B5D954D10}.Release|Any CPU.ActiveCfg = Release|Any CPU
		{D67963F9-6F00-4682-B016-838B5D954D10}.Release|Any CPU.Build.0 = Release|Any CPU
	EndGlobalSection
	GlobalSection(SolutionProperties) = preSolution
		HideSolutionNode = FALSE
	EndGlobalSection
	GlobalSection(NestedProjects) = preSolution
		{132ECFFF-6FF4-4B33-AF65-4CB424C8AAF3} = {CF95F63E-331C-44C2-980C-08713FA82E92}
		{F0E52753-13A9-40C4-B090-D0E6F7E3B1CF} = {9EF679A2-0377-47CA-924E-1BB7AAE250CF}
		{D67963F9-6F00-4682-B016-838B5D954D10} = {B6522B72-0310-4F73-AE75-835A24E2743C}
		{F28484C1-538D-47FE-9648-2234140F8C1A} = {9EF679A2-0377-47CA-924E-1BB7AAE250CF}
	EndGlobalSection
	GlobalSection(ExtensibilityGlobals) = postSolution
		SolutionGuid = {DEE9441F-36C8-43E2-A39C-C0046852794F}
	EndGlobalSection
EndGlobal
